
Microsoft Visual Studio Solution File, Format Version 12.00
# Visual Studio Version 17
VisualStudioVersion = 17.12.35728.132
MinimumVisualStudioVersion = 10.0.40219.1
Project("{FAE04EC0-301F-11D3-BF4B-00C04F79EFBC}") = "Bokhantering.API", "Bokhantering.API\Bokhantering.API.csproj", "{79F7AB78-3478-4663-AF39-3955A6A868BE}"
EndProject
Project("{2150E333-8FDC-42A3-9474-1A3956D46DE8}") = "Solution Items", "Solution Items", "{89FE00E1-0E2F-40AA-9CD2-2478622DE28F}"
	ProjectSection(SolutionItems) = preProject
		.gitignore = .gitignore
	EndProjectSection
EndProject
Global
	GlobalSection(SolutionConfigurationPlatforms) = preSolution
		Debug|Any CPU = Debug|Any CPU
		Release|Any CPU = Release|Any CPU
	EndGlobalSection
	GlobalSection(ProjectConfigurationPlatforms) = postSolution
		{79F7AB78-3478-4663-AF39-3955A6A868BE}.Debug|Any CPU.ActiveCfg = Debug|Any CPU
		{79F7AB78-3478-4663-AF39-3955A6A868BE}.Debug|Any CPU.Build.0 = Debug|Any CPU
		{79F7AB78-3478-4663-AF39-3955A6A868BE}.Release|Any CPU.ActiveCfg = Release|Any CPU
		{79F7AB78-3478-4663-AF39-3955A6A868BE}.Release|Any CPU.Build.0 = Release|Any CPU
	EndGlobalSection
	GlobalSection(SolutionProperties) = preSolution
		HideSolutionNode = FALSE
	EndGlobalSection
EndGlobal
